{
  "nodes": {
    "flake-compat": {
      "locked": {
        "lastModified": 1688025799,
        "narHash": "sha256-ktpB4dRtnksm9F5WawoIkEneh1nrEvuxb5lJFt1iOyw=",
        "owner": "nix-community",
        "repo": "flake-compat",
        "rev": "8bf105319d44f6b9f0d764efa4fdef9f1cc9ba1c",
        "type": "github"
      },
      "original": {
        "owner": "nix-community",
        "repo": "flake-compat",
        "type": "github"
      }
    },
    "home-manager": {
      "inputs": {
        "nixpkgs": [
          "nixpkgs"
        ]
      },
      "locked": {
        "lastModified": 1704498488,
        "narHash": "sha256-yINKdShHrtjdiJhov+q0s3Y3B830ujRoSbHduUNyKag=",
        "owner": "nix-community",
        "repo": "home-manager",
        "rev": "51e44a13acea71b36245e8bd8c7db53e0a3e61ee",
        "type": "github"
      },
      "original": {
        "owner": "nix-community",
        "repo": "home-manager",
        "type": "github"
      }
    },
    "nix-darwin": {
      "inputs": {
        "nixpkgs": [
          "nixpkgs"
        ]
      },
      "locked": {
        "lastModified": 1704277720,
        "narHash": "sha256-meAKNgmh3goankLGWqqpw73pm9IvXjEENJloF0coskE=",
        "owner": "lnl7",
        "repo": "nix-darwin",
        "rev": "0dd382b70c351f528561f71a0a7df82c9d2be9a4",
        "type": "github"
      },
      "original": {
        "owner": "lnl7",
        "ref": "master",
        "repo": "nix-darwin",
        "type": "github"
      }
    },
    "nixos-apple-silicon": {
      "inputs": {
        "flake-compat": "flake-compat",
        "nixpkgs": [
          "nixpkgs"
        ],
        "rust-overlay": "rust-overlay"
      },
      "locked": {
        "lastModified": 1703450140,
        "narHash": "sha256-ZNNcuLJAjJbkRlU/53KKOgs1xI+y/LXWBdBukbm3hxY=",
        "owner": "tpwrules",
        "repo": "nixos-apple-silicon",
        "rev": "9f81761270e6343d00b99d3e07e1feee8f3ba4b5",
        "type": "github"
      },
      "original": {
        "owner": "tpwrules",
        "repo": "nixos-apple-silicon",
        "type": "github"
      }
    },
    "nixpkgs": {
      "locked": {
        "lastModified": 1704587592,
        "narHash": "sha256-5aXUEInFMwtvtvKO9TqR4KsDuyWvfXl0HNCf/pvcKck=",
        "owner": "nixos",
        "repo": "nixpkgs",
        "rev": "d84f364cc5266c73ebb4be9c5b68c3a7fe5cc308",
        "type": "github"
      },
      "original": {
        "owner": "nixos",
        "repo": "nixpkgs",
        "type": "github"
      }
    },
    "plasma-manager": {
      "inputs": {
        "home-manager": [
          "home-manager"
        ],
        "nixpkgs": [
          "nixpkgs"
        ]
      },
      "locked": {
        "lastModified": 1704383901,
        "narHash": "sha256-i2+yzhc13omN+z9K8W3/+23g7D6yWfLb5Qn5f8VVvZI=",
        "owner": "pjones",
        "repo": "plasma-manager",
        "rev": "f11fd526015b5e6b3622c660eda4c4a13d7592bc",
        "type": "github"
      },
      "original": {
        "owner": "pjones",
        "repo": "plasma-manager",
        "type": "github"
      }
    },
    "root": {
      "inputs": {
        "home-manager": "home-manager",
        "nix-darwin": "nix-darwin",
        "nixos-apple-silicon": "nixos-apple-silicon",
        "nixpkgs": "nixpkgs",
        "plasma-manager": "plasma-manager"
      }
    },
    "rust-overlay": {
      "flake": false,
      "locked": {
        "lastModified": 1686795910,
        "narHash": "sha256-jDa40qRZ0GRQtP9EMZdf+uCbvzuLnJglTUI2JoHfWDc=",
        "owner": "oxalica",
        "repo": "rust-overlay",
        "rev": "5c2b97c0a9bc5217fc3dfb1555aae0fb756d99f9",
        "type": "github"
      },
      "original": {
        "owner": "oxalica",
        "repo": "rust-overlay",
        "type": "github"
      }
    }
  },
  "root": "root",
  "version": 7
}
